
Microsoft Visual Studio Solution File, Format Version 12.00
# Visual Studio Version 17
VisualStudioVersion = 17.2.32630.192
MinimumVisualStudioVersion = 10.0.40219.1
Project("{9A19103F-16F7-4668-BE54-9A1E7A4F7556}") = "Todos.Api", "Todos.Api\Todos.Api.csproj", "{C57E30E7-87E0-4D97-885C-A27A58A9EDAD}"
EndProject
Project("{2150E333-8FDC-42A3-9474-1A3956D46DE8}") = "Todos", "Todos", "{A3CAC5C0-ABD6-4EAB-9A37-04E2A91DD851}"
EndProject
Project("{9A19103F-16F7-4668-BE54-9A1E7A4F7556}") = "Todos.Service", "Todos.Service\Todos.Service.csproj", "{7F360B8F-507E-44FA-A494-7FA77194D001}"
EndProject
Project("{9A19103F-16F7-4668-BE54-9A1E7A4F7556}") = "Todos.Repositories", "Todos.Repositories\Todos.Repositories.csproj", "{7AE13B0C-92D3-4CD3-9E13-B1B955C28BE0}"
EndProject
Project("{9A19103F-16F7-4668-BE54-9A1E7A4F7556}") = "Todos.Domain", "Todos.Domain\Todos.Domain.csproj", "{B9A864A4-4558-4120-B650-C11E1741BFB8}"
EndProject
Project("{2150E333-8FDC-42A3-9474-1A3956D46DE8}") = "Users", "Users", "{E283A8E5-BE5F-4C6E-8BA3-21CF5DBB592D}"
EndProject
Project("{9A19103F-16F7-4668-BE54-9A1E7A4F7556}") = "Users.Api", "Users.Api\Users.Api.csproj", "{FC32A9C0-9672-4E42-8A63-ACD8CDDD3F15}"
EndProject
Project("{9A19103F-16F7-4668-BE54-9A1E7A4F7556}") = "Users.Service", "Users.Service\Users.Service.csproj", "{680B56D0-6561-4304-88C9-021CD39C2D0F}"
EndProject
Project("{9A19103F-16F7-4668-BE54-9A1E7A4F7556}") = "Common.Repositories", "Common.Repositories\Common.Repositories.csproj", "{127B1AB3-EAF2-4F13-9317-BEE97B516342}"
EndProject
Project("{9A19103F-16F7-4668-BE54-9A1E7A4F7556}") = "Common.Domain", "Common.Domain\Common.Domain.csproj", "{93036E91-DA3F-4B5E-BCC7-FC0DC4405E42}"
EndProject
Project("{9A19103F-16F7-4668-BE54-9A1E7A4F7556}") = "Common.Service", "Common.Service\Common.Service.csproj", "{ADDA8BF7-5A67-4608-89CA-867C000F153D}"
EndProject
Project("{9A19103F-16F7-4668-BE54-9A1E7A4F7556}") = "Common.Api", "Common.Api\Common.Api.csproj", "{6DE972C1-A9B2-4EEB-A45B-71B5BB779277}"
EndProject
Project("{2150E333-8FDC-42A3-9474-1A3956D46DE8}") = "Authorization", "Authorization", "{B08CB975-BD1D-43E3-A679-489CDB640501}"
EndProject
Project("{FAE04EC0-301F-11D3-BF4B-00C04F79EFBC}") = "Auth.Api", "Auth.Api\Auth.Api.csproj", "{DFE0A091-D96D-48FA-AEA3-5A08D718A1DD}"
EndProject
Project("{FAE04EC0-301F-11D3-BF4B-00C04F79EFBC}") = "Auth.Service", "Auth.Service\Auth.Service.csproj", "{9B8A6BB8-A379-47A4-B280-75FE83241CDD}"
EndProject
Global
	GlobalSection(SolutionConfigurationPlatforms) = preSolution
		Debug|Any CPU = Debug|Any CPU
		Release|Any CPU = Release|Any CPU
	EndGlobalSection
	GlobalSection(ProjectConfigurationPlatforms) = postSolution
		{C57E30E7-87E0-4D97-885C-A27A58A9EDAD}.Debug|Any CPU.ActiveCfg = Debug|Any CPU
		{C57E30E7-87E0-4D97-885C-A27A58A9EDAD}.Debug|Any CPU.Build.0 = Debug|Any CPU
		{C57E30E7-87E0-4D97-885C-A27A58A9EDAD}.Release|Any CPU.ActiveCfg = Release|Any CPU
		{C57E30E7-87E0-4D97-885C-A27A58A9EDAD}.Release|Any CPU.Build.0 = Release|Any CPU
		{7F360B8F-507E-44FA-A494-7FA77194D001}.Debug|Any CPU.ActiveCfg = Debug|Any CPU
		{7F360B8F-507E-44FA-A494-7FA77194D001}.Debug|Any CPU.Build.0 = Debug|Any CPU
		{7F360B8F-507E-44FA-A494-7FA77194D001}.Release|Any CPU.ActiveCfg = Release|Any CPU
		{7F360B8F-507E-44FA-A494-7FA77194D001}.Release|Any CPU.Build.0 = Release|Any CPU
		{7AE13B0C-92D3-4CD3-9E13-B1B955C28BE0}.Debug|Any CPU.ActiveCfg = Debug|Any CPU
		{7AE13B0C-92D3-4CD3-9E13-B1B955C28BE0}.Debug|Any CPU.Build.0 = Debug|Any CPU
		{7AE13B0C-92D3-4CD3-9E13-B1B955C28BE0}.Release|Any CPU.ActiveCfg = Release|Any CPU
		{7AE13B0C-92D3-4CD3-9E13-B1B955C28BE0}.Release|Any CPU.Build.0 = Release|Any CPU
		{B9A864A4-4558-4120-B650-C11E1741BFB8}.Debug|Any CPU.ActiveCfg = Debug|Any CPU
		{B9A864A4-4558-4120-B650-C11E1741BFB8}.Debug|Any CPU.Build.0 = Debug|Any CPU
		{B9A864A4-4558-4120-B650-C11E1741BFB8}.Release|Any CPU.ActiveCfg = Release|Any CPU
		{B9A864A4-4558-4120-B650-C11E1741BFB8}.Release|Any CPU.Build.0 = Release|Any CPU
		{FC32A9C0-9672-4E42-8A63-ACD8CDDD3F15}.Debug|Any CPU.ActiveCfg = Debug|Any CPU
		{FC32A9C0-9672-4E42-8A63-ACD8CDDD3F15}.Debug|Any CPU.Build.0 = Debug|Any CPU
		{FC32A9C0-9672-4E42-8A63-ACD8CDDD3F15}.Release|Any CPU.ActiveCfg = Release|Any CPU
		{FC32A9C0-9672-4E42-8A63-ACD8CDDD3F15}.Release|Any CPU.Build.0 = Release|Any CPU
		{680B56D0-6561-4304-88C9-021CD39C2D0F}.Debug|Any CPU.ActiveCfg = Debug|Any CPU
		{680B56D0-6561-4304-88C9-021CD39C2D0F}.Debug|Any CPU.Build.0 = Debug|Any CPU
		{680B56D0-6561-4304-88C9-021CD39C2D0F}.Release|Any CPU.ActiveCfg = Release|Any CPU
		{680B56D0-6561-4304-88C9-021CD39C2D0F}.Release|Any CPU.Build.0 = Release|Any CPU
		{127B1AB3-EAF2-4F13-9317-BEE97B516342}.Debug|Any CPU.ActiveCfg = Debug|Any CPU
		{127B1AB3-EAF2-4F13-9317-BEE97B516342}.Debug|Any CPU.Build.0 = Debug|Any CPU
		{127B1AB3-EAF2-4F13-9317-BEE97B516342}.Release|Any CPU.ActiveCfg = Release|Any CPU
		{127B1AB3-EAF2-4F13-9317-BEE97B516342}.Release|Any CPU.Build.0 = Release|Any CPU
		{93036E91-DA3F-4B5E-BCC7-FC0DC4405E42}.Debug|Any CPU.ActiveCfg = Debug|Any CPU
		{93036E91-DA3F-4B5E-BCC7-FC0DC4405E42}.Debug|Any CPU.Build.0 = Debug|Any CPU
		{93036E91-DA3F-4B5E-BCC7-FC0DC4405E42}.Release|Any CPU.ActiveCfg = Release|Any CPU
		{93036E91-DA3F-4B5E-BCC7-FC0DC4405E42}.Release|Any CPU.Build.0 = Release|Any CPU
		{ADDA8BF7-5A67-4608-89CA-867C000F153D}.Debug|Any CPU.ActiveCfg = Debug|Any CPU
		{ADDA8BF7-5A67-4608-89CA-867C000F153D}.Debug|Any CPU.Build.0 = Debug|Any CPU
		{ADDA8BF7-5A67-4608-89CA-867C000F153D}.Release|Any CPU.ActiveCfg = Release|Any CPU
		{ADDA8BF7-5A67-4608-89CA-867C000F153D}.Release|Any CPU.Build.0 = Release|Any CPU
		{6DE972C1-A9B2-4EEB-A45B-71B5BB779277}.Debug|Any CPU.ActiveCfg = Debug|Any CPU
		{6DE972C1-A9B2-4EEB-A45B-71B5BB779277}.Debug|Any CPU.Build.0 = Debug|Any CPU
		{6DE972C1-A9B2-4EEB-A45B-71B5BB779277}.Release|Any CPU.ActiveCfg = Release|Any CPU
		{6DE972C1-A9B2-4EEB-A45B-71B5BB779277}.Release|Any CPU.Build.0 = Release|Any CPU
		{DFE0A091-D96D-48FA-AEA3-5A08D718A1DD}.Debug|Any CPU.ActiveCfg = Debug|Any CPU
		{DFE0A091-D96D-48FA-AEA3-5A08D718A1DD}.Debug|Any CPU.Build.0 = Debug|Any CPU
		{DFE0A091-D96D-48FA-AEA3-5A08D718A1DD}.Release|Any CPU.ActiveCfg = Release|Any CPU
		{DFE0A091-D96D-48FA-AEA3-5A08D718A1DD}.Release|Any CPU.Build.0 = Release|Any CPU
		{9B8A6BB8-A379-47A4-B280-75FE83241CDD}.Debug|Any CPU.ActiveCfg = Debug|Any CPU
		{9B8A6BB8-A379-47A4-B280-75FE83241CDD}.Debug|Any CPU.Build.0 = Debug|Any CPU
		{9B8A6BB8-A379-47A4-B280-75FE83241CDD}.Release|Any CPU.ActiveCfg = Release|Any CPU
		{9B8A6BB8-A379-47A4-B280-75FE83241CDD}.Release|Any CPU.Build.0 = Release|Any CPU
	EndGlobalSection
	GlobalSection(SolutionProperties) = preSolution
		HideSolutionNode = FALSE
	EndGlobalSection
	GlobalSection(NestedProjects) = preSolution
		{C57E30E7-87E0-4D97-885C-A27A58A9EDAD} = {A3CAC5C0-ABD6-4EAB-9A37-04E2A91DD851}
		{7F360B8F-507E-44FA-A494-7FA77194D001} = {A3CAC5C0-ABD6-4EAB-9A37-04E2A91DD851}
		{7AE13B0C-92D3-4CD3-9E13-B1B955C28BE0} = {A3CAC5C0-ABD6-4EAB-9A37-04E2A91DD851}
		{B9A864A4-4558-4120-B650-C11E1741BFB8} = {A3CAC5C0-ABD6-4EAB-9A37-04E2A91DD851}
		{FC32A9C0-9672-4E42-8A63-ACD8CDDD3F15} = {E283A8E5-BE5F-4C6E-8BA3-21CF5DBB592D}
		{680B56D0-6561-4304-88C9-021CD39C2D0F} = {E283A8E5-BE5F-4C6E-8BA3-21CF5DBB592D}
		{DFE0A091-D96D-48FA-AEA3-5A08D718A1DD} = {B08CB975-BD1D-43E3-A679-489CDB640501}
		{9B8A6BB8-A379-47A4-B280-75FE83241CDD} = {B08CB975-BD1D-43E3-A679-489CDB640501}
	EndGlobalSection
	GlobalSection(ExtensibilityGlobals) = postSolution
		SolutionGuid = {ED7206E7-ADB7-4F4D-9C41-2E13AFFF5D26}
	EndGlobalSection
EndGlobal
